
Microsoft Visual Studio Solution File, Format Version 12.00
# Visual Studio Version 17
VisualStudioVersion = 17.2.32630.192
MinimumVisualStudioVersion = 10.0.40219.1
Project("{9A19103F-16F7-4668-BE54-9A1E7A4F7556}") = "PersonalFincancesApp", "net_core_web_api\PersonalFincancesApp\PersonalFincancesApp.csproj", "{C69C0DC0-EA48-4F83-AD5F-ACEBF2B2013E}"
EndProject
Global
	GlobalSection(SolutionConfigurationPlatforms) = preSolution
		Debug|Any CPU = Debug|Any CPU
		Release|Any CPU = Release|Any CPU
	EndGlobalSection
	GlobalSection(ProjectConfigurationPlatforms) = postSolution
		{C69C0DC0-EA48-4F83-AD5F-ACEBF2B2013E}.Debug|Any CPU.ActiveCfg = Debug|Any CPU
		{C69C0DC0-EA48-4F83-AD5F-ACEBF2B2013E}.Debug|Any CPU.Build.0 = Debug|Any CPU
		{C69C0DC0-EA48-4F83-AD5F-ACEBF2B2013E}.Release|Any CPU.ActiveCfg = Release|Any CPU
		{C69C0DC0-EA48-4F83-AD5F-ACEBF2B2013E}.Release|Any CPU.Build.0 = Release|Any CPU
	EndGlobalSection
	GlobalSection(SolutionProperties) = preSolution
		HideSolutionNode = FALSE
	EndGlobalSection
	GlobalSection(ExtensibilityGlobals) = postSolution
		SolutionGuid = {7AC6F3B3-9FDE-4E56-8D3E-407E038C3766}
	EndGlobalSection
EndGlobal
